
Microsoft Visual Studio Solution File, Format Version 12.00
# Visual Studio Version 16
VisualStudioVersion = 16.0.31829.152
MinimumVisualStudioVersion = 10.0.40219.1
Project("{9A19103F-16F7-4668-BE54-9A1E7A4F7556}") = "Streamish", "Streamish\Streamish.csproj", "{DD4832E2-98C1-46A2-A5B5-88AE1B08F652}"
EndProject
Project("{FAE04EC0-301F-11D3-BF4B-00C04F79EFBC}") = "Streamish.Tests", "Streamish.Tests\Streamish.Tests.csproj", "{1E28EDFE-EDC1-48CB-8E17-5597179A17DD}"
EndProject
Global
	GlobalSection(SolutionConfigurationPlatforms) = preSolution
		Debug|Any CPU = Debug|Any CPU
		Release|Any CPU = Release|Any CPU
	EndGlobalSection
	GlobalSection(ProjectConfigurationPlatforms) = postSolution
		{DD4832E2-98C1-46A2-A5B5-88AE1B08F652}.Debug|Any CPU.ActiveCfg = Debug|Any CPU
		{DD4832E2-98C1-46A2-A5B5-88AE1B08F652}.Debug|Any CPU.Build.0 = Debug|Any CPU
		{DD4832E2-98C1-46A2-A5B5-88AE1B08F652}.Release|Any CPU.ActiveCfg = Release|Any CPU
		{DD4832E2-98C1-46A2-A5B5-88AE1B08F652}.Release|Any CPU.Build.0 = Release|Any CPU
		{1E28EDFE-EDC1-48CB-8E17-5597179A17DD}.Debug|Any CPU.ActiveCfg = Debug|Any CPU
		{1E28EDFE-EDC1-48CB-8E17-5597179A17DD}.Debug|Any CPU.Build.0 = Debug|Any CPU
		{1E28EDFE-EDC1-48CB-8E17-5597179A17DD}.Release|Any CPU.ActiveCfg = Release|Any CPU
		{1E28EDFE-EDC1-48CB-8E17-5597179A17DD}.Release|Any CPU.Build.0 = Release|Any CPU
	EndGlobalSection
	GlobalSection(SolutionProperties) = preSolution
		HideSolutionNode = FALSE
	EndGlobalSection
	GlobalSection(ExtensibilityGlobals) = postSolution
		SolutionGuid = {E268BF45-9877-48F6-BABE-8F9B1EDBE7B6}
	EndGlobalSection
EndGlobal
